
Microsoft Visual Studio Solution File, Format Version 12.00
# Visual Studio 15
VisualStudioVersion = 15.0.27004.2002
MinimumVisualStudioVersion = 10.0.40219.1
Project("{E24C65DC-7377-472B-9ABA-BC803B73C61A}") = "Template-aquincum-by-hoanganhlam.info", "..\", "{857D8204-4023-4CBB-97EA-86C36AF22929}"
	ProjectSection(WebsiteProperties) = preProject
		TargetFrameworkMoniker = ".NETFramework,Version%3Dv4.0"
		Debug.AspNetCompiler.VirtualPath = "/localhost_51692"
		Debug.AspNetCompiler.PhysicalPath = "E:\Projects\Polycom\Template-aquincum-by-hoanganhlam.info\"
		Debug.AspNetCompiler.TargetPath = "PrecompiledWeb\localhost_51692\"
		Debug.AspNetCompiler.Updateable = "true"
		Debug.AspNetCompiler.ForceOverwrite = "true"
		Debug.AspNetCompiler.FixedNames = "false"
		Debug.AspNetCompiler.Debug = "True"
		Release.AspNetCompiler.VirtualPath = "/localhost_51692"
		Release.AspNetCompiler.PhysicalPath = "E:\Projects\Polycom\Template-aquincum-by-hoanganhlam.info\"
		Release.AspNetCompiler.TargetPath = "PrecompiledWeb\localhost_51692\"
		Release.AspNetCompiler.Updateable = "true"
		Release.AspNetCompiler.ForceOverwrite = "true"
		Release.AspNetCompiler.FixedNames = "false"
		Release.AspNetCompiler.Debug = "False"
		VWDPort = "51692"
	EndProjectSection
EndProject
Global
	GlobalSection(SolutionConfigurationPlatforms) = preSolution
		Debug|Any CPU = Debug|Any CPU
	EndGlobalSection
	GlobalSection(ProjectConfigurationPlatforms) = postSolution
		{857D8204-4023-4CBB-97EA-86C36AF22929}.Debug|Any CPU.ActiveCfg = Debug|Any CPU
		{857D8204-4023-4CBB-97EA-86C36AF22929}.Debug|Any CPU.Build.0 = Debug|Any CPU
	EndGlobalSection
	GlobalSection(SolutionProperties) = preSolution
		HideSolutionNode = FALSE
	EndGlobalSection
	GlobalSection(ExtensibilityGlobals) = postSolution
		SolutionGuid = {876F55DC-D474-4649-818E-33A9FA13C99A}
	EndGlobalSection
EndGlobal
